PODS:
  - Kingfisher (5.14.1):
    - Kingfisher/Core (= 5.14.1)
  - Kingfisher/Core (5.14.1)
  - SnapKit (5.0.1)

DEPENDENCIES:
  - Kingfisher (~> 5.0)
  - SnapKit (~> 5.0)

SPEC REPOS:
  trunk:
    - Kingfisher
    - SnapKit

SPEC CHECKSUMS:
  Kingfisher: 8050bc6f7f68cbf3908bd04df7ccbac188f6d6d6
  SnapKit: 97b92857e3df3a0c71833cce143274bf6ef8e5eb

PODFILE CHECKSUM: 0bcc668515a1d66a7d735f12917e232c741b405f

COCOAPODS: 1.9.3
