PODS:
  - Kingfisher (5.14.1):
    - Kingfisher/Core (= 5.14.1)
  - Kingfisher/Core (5.14.1)
  - SnapKit (5.0.1)
  - SwiftGen (6.3.0)

DEPENDENCIES:
  - Kingfisher (~> 5.0)
  - SnapKit (~> 5.0)
  - SwiftGen (~> 6.0)

SPEC REPOS:
  trunk:
    - Kingfisher
    - SnapKit
    - SwiftGen

SPEC CHECKSUMS:
  Kingfisher: 8050bc6f7f68cbf3908bd04df7ccbac188f6d6d6
  SnapKit: 97b92857e3df3a0c71833cce143274bf6ef8e5eb
  SwiftGen: 3d5024a47ea79e408cded20763d7a17d18a4548c

PODFILE CHECKSUM: bf888fb36652254990c972e24a0fcb6aecd84e5b

COCOAPODS: 1.9.3
